
Microsoft Visual Studio Solution File, Format Version 12.00
# Visual Studio 15
VisualStudioVersion = 15.0.28010.2050
MinimumVisualStudioVersion = 10.0.40219.1
Project("{FAE04EC0-301F-11D3-BF4B-00C04F79EFBC}") = "AppProyectoGitHub", "AppProyectoGitHub\AppProyectoGitHub.csproj", "{E09E5C80-CFEC-4D49-B740-2A60CEE15512}"
EndProject
Global
	GlobalSection(SolutionConfigurationPlatforms) = preSolution
		Debug|Any CPU = Debug|Any CPU
		Release|Any CPU = Release|Any CPU
	EndGlobalSection
	GlobalSection(ProjectConfigurationPlatforms) = postSolution
		{E09E5C80-CFEC-4D49-B740-2A60CEE15512}.Debug|Any CPU.ActiveCfg = Debug|Any CPU
		{E09E5C80-CFEC-4D49-B740-2A60CEE15512}.Debug|Any CPU.Build.0 = Debug|Any CPU
		{E09E5C80-CFEC-4D49-B740-2A60CEE15512}.Release|Any CPU.ActiveCfg = Release|Any CPU
		{E09E5C80-CFEC-4D49-B740-2A60CEE15512}.Release|Any CPU.Build.0 = Release|Any CPU
	EndGlobalSection
	GlobalSection(SolutionProperties) = preSolution
		HideSolutionNode = FALSE
	EndGlobalSection
	GlobalSection(ExtensibilityGlobals) = postSolution
		SolutionGuid = {D89F8D02-2625-4A87-B375-AA6FF3F8BD39}
	EndGlobalSection
EndGlobal
